
Microsoft Visual Studio Solution File, Format Version 12.00
# Visual Studio 15
VisualStudioVersion = 15.0.28307.271
MinimumVisualStudioVersion = 10.0.40219.1
Project("{FAE04EC0-301F-11D3-BF4B-00C04F79EFBC}") = "HelloWorld", "HelloWorld\HelloWorld.csproj", "{7306B3E6-FC5D-49F9-995F-2C711BB6884A}"
EndProject
Global
	GlobalSection(SolutionConfigurationPlatforms) = preSolution
		Debug|Any CPU = Debug|Any CPU
		Release|Any CPU = Release|Any CPU
	EndGlobalSection
	GlobalSection(ProjectConfigurationPlatforms) = postSolution
		{7306B3E6-FC5D-49F9-995F-2C711BB6884A}.Debug|Any CPU.ActiveCfg = Debug|Any CPU
		{7306B3E6-FC5D-49F9-995F-2C711BB6884A}.Debug|Any CPU.Build.0 = Debug|Any CPU
		{7306B3E6-FC5D-49F9-995F-2C711BB6884A}.Release|Any CPU.ActiveCfg = Release|Any CPU
		{7306B3E6-FC5D-49F9-995F-2C711BB6884A}.Release|Any CPU.Build.0 = Release|Any CPU
	EndGlobalSection
	GlobalSection(SolutionProperties) = preSolution
		HideSolutionNode = FALSE
	EndGlobalSection
	GlobalSection(ExtensibilityGlobals) = postSolution
		SolutionGuid = {D3202FEA-5F4F-4E9D-A381-6F9039777BFA}
	EndGlobalSection
EndGlobal
